// !$*UTF8*$!
{
	archiveVersion = 1;
	classes = {
	};
	objectVersion = 77;
	objects = {

/* Begin PBXContainerItemProxy section */
		2AB507802D12D1E900A01BE6 /* PBXContainerItemProxy */ = {
			isa = PBXContainerItemProxy;
			containerPortal = 2AB507672D12D1E800A01BE6 /* Project object */;
			proxyType = 1;
			remoteGlobalIDString = 2AB5076E2D12D1E800A01BE6;
			remoteInfo = TaskAi;
		};
		2AB5078A2D12D1E900A01BE6 /* PBXContainerItemProxy */ = {
			isa = PBXContainerItemProxy;
			containerPortal = 2AB507672D12D1E800A01BE6 /* Project object */;
			proxyType = 1;
			remoteGlobalIDString = 2AB5076E2D12D1E800A01BE6;
			remoteInfo = TaskAi;
		};
/* End PBXContainerItemProxy section */

/* Begin PBXFileReference section */
		2AB5076F2D12D1E800A01BE6 /* TaskAi.app */ = {isa = PBXFileReference; explicitFileType = wrapper.application; includeInIndex = 0; path = TaskAi.app; sourceTree = BUILT_PRODUCTS_DIR; };
		2AB5077F2D12D1E900A01BE6 /* TaskAiTests.xctest */ = {isa = PBXFileReference; explicitFileType = wrapper.cfbundle; includeInIndex = 0; path = TaskAiTests.xctest; sourceTree = BUILT_PRODUCTS_DIR; };
		2AB507892D12D1E900A01BE6 /* TaskAiUITests.xctest */ = {isa = PBXFileReference; explicitFileType = wrapper.cfbundle; includeInIndex = 0; path = TaskAiUITests.xctest; sourceTree = BUILT_PRODUCTS_DIR; };
/* End PBXFileReference section */

/* Begin PBXFileSystemSynchronizedRootGroup section */
		2AB507712D12D1E800A01BE6 /* TaskAi */ = {
			isa = PBXFileSystemSynchronizedRootGroup;
			path = TaskAi;
			sourceTree = "<group>";
		};
		2AB507822D12D1E900A01BE6 /* TaskAiTests */ = {
			isa = PBXFileSystemSynchronizedRootGroup;
			path = TaskAiTests;
			sourceTree = "<group>";
		};
		2AB5078C2D12D1E900A01BE6 /* TaskAiUITests */ = {
			isa = PBXFileSystemSynchronizedRootGroup;
			path = TaskAiUITests;
			sourceTree = "<group>";
		};
/* End PBXFileSystemSynchronizedRootGroup section */

/* Begin PBXFrameworksBuildPhase section */
		2AB5076C2D12D1E800A01BE6 /* Frameworks */ = {
			isa = PBXFrameworksBuildPhase;
			buildActionMask = 2147483647;
			files = (
			);
			runOnlyForDeploymentPostprocessing = 0;
		};
		2AB5077C2D12D1E900A01BE6 /* Frameworks */ = {
			isa = PBXFrameworksBuildPhase;
			buildActionMask = 2147483647;
			files = (
			);
			runOnlyForDeploymentPostprocessing = 0;
		};
		2AB507862D12D1E900A01BE6 /* Frameworks */ = {
			isa = PBXFrameworksBuildPhase;
			buildActionMask = 2147483647;
			files = (
			);
			runOnlyForDeploymentPostprocessing = 0;
		};
/* End PBXFrameworksBuildPhase section */

/* Begin PBXGroup section */
		2AB507662D12D1E800A01BE6 = {
			isa = PBXGroup;
			children = (
				2AB507712D12D1E800A01BE6 /* TaskAi */,
				2AB507822D12D1E900A01BE6 /* TaskAiTests */,
				2AB5078C2D12D1E900A01BE6 /* TaskAiUITests */,
				2AB507702D12D1E800A01BE6 /* Products */,
			);
			sourceTree = "<group>";
		};
		2AB507702D12D1E800A01BE6 /* Products */ = {
			isa = PBXGroup;
			children = (
				2AB5076F2D12D1E800A01BE6 /* TaskAi.app */,
				2AB5077F2D12D1E900A01BE6 /* TaskAiTests.xctest */,
				2AB507892D12D1E900A01BE6 /* TaskAiUITests.xctest */,
			);
			name = Products;
			sourceTree = "<group>";
		};
/* End PBXGroup section */

/* Begin PBXNativeTarget section */
		2AB5076E2D12D1E800A01BE6 /* TaskAi */ = {
			isa = PBXNativeTarget;
			buildConfigurationList = 2AB507932D12D1E900A01BE6 /* Build configuration list for PBXNativeTarget "TaskAi" */;
			buildPhases = (
				2AB5076B2D12D1E800A01BE6 /* Sources */,
				2AB5076C2D12D1E800A01BE6 /* Frameworks */,
				2AB5076D2D12D1E800A01BE6 /* Resources */,
			);
			buildRules = (
			);
			dependencies = (
			);
			fileSystemSynchronizedGroups = (
				2AB507712D12D1E800A01BE6 /* TaskAi */,
			);
			name = TaskAi;
			packageProductDependencies = (
			);
			productName = TaskAi;
			productReference = 2AB5076F2D12D1E800A01BE6 /* TaskAi.app */;
			productType = "com.apple.product-type.application";
		};
		2AB5077E2D12D1E900A01BE6 /* TaskAiTests */ = {
			isa = PBXNativeTarget;
			buildConfigurationList = 2AB507962D12D1E900A01BE6 /* Build configuration list for PBXNativeTarget "TaskAiTests" */;
			buildPhases = (
				2AB5077B2D12D1E900A01BE6 /* Sources */,
				2AB5077C2D12D1E900A01BE6 /* Frameworks */,
				2AB5077D2D12D1E900A01BE6 /* Resources */,
			);
			buildRules = (
			);
			dependencies = (
				2AB507812D12D1E900A01BE6 /* PBXTargetDependency */,
			);
			fileSystemSynchronizedGroups = (
				2AB507822D12D1E900A01BE6 /* TaskAiTests */,
			);
			name = TaskAiTests;
			packageProductDependencies = (
			);
			productName = TaskAiTests;
			productReference = 2AB5077F2D12D1E900A01BE6 /* TaskAiTests.xctest */;
			productType = "com.apple.product-type.bundle.unit-test";
		};
		2AB507882D12D1E900A01BE6 /* TaskAiUITests */ = {
			isa = PBXNativeTarget;
			buildConfigurationList = 2AB507992D12D1E900A01BE6 /* Build configuration list for PBXNativeTarget "TaskAiUITests" */;
			buildPhases = (
				2AB507852D12D1E900A01BE6 /* Sources */,
				2AB507862D12D1E900A01BE6 /* Frameworks */,
				2AB507872D12D1E900A01BE6 /* Resources */,
			);
			buildRules = (
			);
			dependencies = (
				2AB5078B2D12D1E900A01BE6 /* PBXTargetDependency */,
			);
			fileSystemSynchronizedGroups = (
				2AB5078C2D12D1E900A01BE6 /* TaskAiUITests */,
			);
			name = TaskAiUITests;
			packageProductDependencies = (
			);
			productName = TaskAiUITests;
			productReference = 2AB507892D12D1E900A01BE6 /* TaskAiUITests.xctest */;
			productType = "com.apple.product-type.bundle.ui-testing";
		};
/* End PBXNativeTarget section */

/* Begin PBXProject section */
		2AB507672D12D1E800A01BE6 /* Project object */ = {
			isa = PBXProject;
			attributes = {
				BuildIndependentTargetsInParallel = 1;
				LastSwiftUpdateCheck = 1610;
				LastUpgradeCheck = 1610;
				TargetAttributes = {
					2AB5076E2D12D1E800A01BE6 = {
						CreatedOnToolsVersion = 16.1;
					};
					2AB5077E2D12D1E900A01BE6 = {
						CreatedOnToolsVersion = 16.1;
						TestTargetID = 2AB5076E2D12D1E800A01BE6;
					};
					2AB507882D12D1E900A01BE6 = {
						CreatedOnToolsVersion = 16.1;
						TestTargetID = 2AB5076E2D12D1E800A01BE6;
					};
				};
			};
			buildConfigurationList = 2AB5076A2D12D1E800A01BE6 /* Build configuration list for PBXProject "TaskAi" */;
			developmentRegion = en;
			hasScannedForEncodings = 0;
			knownRegions = (
				en,
				Base,
			);
			mainGroup = 2AB507662D12D1E800A01BE6;
			minimizedProjectReferenceProxies = 1;
			preferredProjectObjectVersion = 77;
			productRefGroup = 2AB507702D12D1E800A01BE6 /* Products */;
			projectDirPath = "";
			projectRoot = "";
			targets = (
				2AB5076E2D12D1E800A01BE6 /* TaskAi */,
				2AB5077E2D12D1E900A01BE6 /* TaskAiTests */,
				2AB507882D12D1E900A01BE6 /* TaskAiUITests */,
			);
		};
/* End PBXProject section */

/* Begin PBXResourcesBuildPhase section */
		2AB5076D2D12D1E800A01BE6 /* Resources */ = {
			isa = PBXResourcesBuildPhase;
			buildActionMask = 2147483647;
			files = (
			);
			runOnlyForDeploymentPostprocessing = 0;
		};
		2AB5077D2D12D1E900A01BE6 /* Resources */ = {
			isa = PBXResourcesBuildPhase;
			buildActionMask = 2147483647;
			files = (
			);
			runOnlyForDeploymentPostprocessing = 0;
		};
		2AB507872D12D1E900A01BE6 /* Resources */ = {
			isa = PBXResourcesBuildPhase;
			buildActionMask = 2147483647;
			files = (
			);
			runOnlyForDeploymentPostprocessing = 0;
		};
/* End PBXResourcesBuildPhase section */

/* Begin PBXSourcesBuildPhase section */
		2AB5076B2D12D1E800A01BE6 /* Sources */ = {
			isa = PBXSourcesBuildPhase;
			buildActionMask = 2147483647;
			files = (
			);
			runOnlyForDeploymentPostprocessing = 0;
		};
		2AB5077B2D12D1E900A01BE6 /* Sources */ = {
			isa = PBXSourcesBuildPhase;
			buildActionMask = 2147483647;
			files = (
			);
			runOnlyForDeploymentPostprocessing = 0;
		};
		2AB507852D12D1E900A01BE6 /* Sources */ = {
			isa = PBXSourcesBuildPhase;
			buildActionMask = 2147483647;
			files = (
			);
			runOnlyForDeploymentPostprocessing = 0;
		};
/* End PBXSourcesBuildPhase section */

/* Begin PBXTargetDependency section */
		2AB507812D12D1E900A01BE6 /* PBXTargetDependency */ = {
			isa = PBXTargetDependency;
			target = 2AB5076E2D12D1E800A01BE6 /* TaskAi */;
			targetProxy = 2AB507802D12D1E900A01BE6 /* PBXContainerItemProxy */;
		};
		2AB5078B2D12D1E900A01BE6 /* PBXTargetDependency */ = {
			isa = PBXTargetDependency;
			target = 2AB5076E2D12D1E800A01BE6 /* TaskAi */;
			targetProxy = 2AB5078A2D12D1E900A01BE6 /* PBXContainerItemProxy */;
		};
/* End PBXTargetDependency section */

/* Begin XCBuildConfiguration section */
		2AB507912D12D1E900A01BE6 /* Debug */ = {
			isa = XCBuildConfiguration;
			buildSettings = {
				ALWAYS_SEARCH_USER_PATHS = NO;
				ASSETCATALOG_COMPILER_GENERATE_SWIFT_ASSET_SYMBOL_EXTENSIONS = YES;
				CLANG_ANALYZER_NONNULL = YES;
				CLANG_ANALYZER_NUMBER_OBJECT_CONVERSION = YES_AGGRESSIVE;
				CLANG_CXX_LANGUAGE_STANDARD = "gnu++20";
				CLANG_ENABLE_MODULES = YES;
				CLANG_ENABLE_OBJC_ARC = YES;
				CLANG_ENABLE_OBJC_WEAK = YES;
				CLANG_WARN_BLOCK_CAPTURE_AUTORELEASING = YES;
				CLANG_WARN_BOOL_CONVERSION = YES;
				CLANG_WARN_COMMA = YES;
				CLANG_WARN_CONSTANT_CONVERSION = YES;
				CLANG_WARN_DEPRECATED_OBJC_IMPLEMENTATIONS = YES;
				CLANG_WARN_DIRECT_OBJC_ISA_USAGE = YES_ERROR;
				CLANG_WARN_DOCUMENTATION_COMMENTS = YES;
				CLANG_WARN_EMPTY_BODY = YES;
				CLANG_WARN_ENUM_CONVERSION = YES;
				CLANG_WARN_INFINITE_RECURSION = YES;
				CLANG_WARN_INT_CONVERSION = YES;
				CLANG_WARN_NON_LITERAL_NULL_CONVERSION = YES;
				CLANG_WARN_OBJC_IMPLICIT_RETAIN_SELF = YES;
				CLANG_WARN_OBJC_LITERAL_CONVERSION = YES;
				CLANG_WARN_OBJC_ROOT_CLASS = YES_ERROR;
				CLANG_WARN_QUOTED_INCLUDE_IN_FRAMEWORK_HEADER = YES;
				CLANG_WARN_RANGE_LOOP_ANALYSIS = YES;
				CLANG_WARN_STRICT_PROTOTYPES = YES;
				CLANG_WARN_SUSPICIOUS_MOVE = YES;
				CLANG_WARN_UNGUARDED_AVAILABILITY = YES_AGGRESSIVE;
				CLANG_WARN_UNREACHABLE_CODE = YES;
				CLANG_WARN__DUPLICATE_METHOD_MATCH = YES;
				COPY_PHASE_STRIP = NO;
				DEBUG_INFORMATION_FORMAT = dwarf;
				ENABLE_STRICT_OBJC_MSGSEND = YES;
				ENABLE_TESTABILITY = YES;
				ENABLE_USER_SCRIPT_SANDBOXING = YES;
				GCC_C_LANGUAGE_STANDARD = gnu17;
				GCC_DYNAMIC_NO_PIC = NO;
				GCC_NO_COMMON_BLOCKS = YES;
				GCC_OPTIMIZATION_LEVEL = 0;
				GCC_PREPROCESSOR_DEFINITIONS = (
					"DEBUG=1",
					"$(inherited)",
				);
				GCC_WARN_64_TO_32_BIT_CONVERSION = YES;
				GCC_WARN_ABOUT_RETURN_TYPE = YES_ERROR;
				GCC_WARN_UNDECLARED_SELECTOR = YES;
				GCC_WARN_UNINITIALIZED_AUTOS = YES_AGGRESSIVE;
				GCC_WARN_UNUSED_FUNCTION = YES;
				GCC_WARN_UNUSED_VARIABLE = YES;
				IPHONEOS_DEPLOYMENT_TARGET = 18.1;
				LOCALIZATION_PREFERS_STRING_CATALOGS = YES;
				MTL_ENABLE_DEBUG_INFO = INCLUDE_SOURCE;
				MTL_FAST_MATH = YES;
				ONLY_ACTIVE_ARCH = YES;
				SDKROOT = iphoneos;
				SWIFT_ACTIVE_COMPILATION_CONDITIONS = "DEBUG $(inherited)";
				SWIFT_OPTIMIZATION_LEVEL = "-Onone";
			};
			name = Debug;
		};
		2AB507922D12D1E900A01BE6 /* Release */ = {
			isa = XCBuildConfiguration;
			buildSettings = {
				ALWAYS_SEARCH_USER_PATHS = NO;
				ASSETCATALOG_COMPILER_GENERATE_SWIFT_ASSET_SYMBOL_EXTENSIONS = YES;
				CLANG_ANALYZER_NONNULL = YES;
				CLANG_ANALYZER_NUMBER_OBJECT_CONVERSION = YES_AGGRESSIVE;
				CLANG_CXX_LANGUAGE_STANDARD = "gnu++20";
				CLANG_ENABLE_MODULES = YES;
				CLANG_ENABLE_OBJC_ARC = YES;
				CLANG_ENABLE_OBJC_WEAK = YES;
				CLANG_WARN_BLOCK_CAPTURE_AUTORELEASING = YES;
				CLANG_WARN_BOOL_CONVERSION = YES;
				CLANG_WARN_COMMA = YES;
				CLANG_WARN_CONSTANT_CONVERSION = YES;
				CLANG_WARN_DEPRECATED_OBJC_IMPLEMENTATIONS = YES;
				CLANG_WARN_DIRECT_OBJC_ISA_USAGE = YES_ERROR;
				CLANG_WARN_DOCUMENTATION_COMMENTS = YES;
				CLANG_WARN_EMPTY_BODY = YES;
				CLANG_WARN_ENUM_CONVERSION = YES;
				CLANG_WARN_INFINITE_RECURSION = YES;
				CLANG_WARN_INT_CONVERSION = YES;
				CLANG_WARN_NON_LITERAL_NULL_CONVERSION = YES;
				CLANG_WARN_OBJC_IMPLICIT_RETAIN_SELF = YES;
				CLANG_WARN_OBJC_LITERAL_CONVERSION = YES;
				CLANG_WARN_OBJC_ROOT_CLASS = YES_ERROR;
				CLANG_WARN_QUOTED_INCLUDE_IN_FRAMEWORK_HEADER = YES;
				CLANG_WARN_RANGE_LOOP_ANALYSIS = YES;
				CLANG_WARN_STRICT_PROTOTYPES = YES;
				CLANG_WARN_SUSPICIOUS_MOVE = YES;
				CLANG_WARN_UNGUARDED_AVAILABILITY = YES_AGGRESSIVE;
				CLANG_WARN_UNREACHABLE_CODE = YES;
				CLANG_WARN__DUPLICATE_METHOD_MATCH = YES;
				COPY_PHASE_STRIP = NO;
				DEBUG_INFORMATION_FORMAT = "dwarf-with-dsym";
				ENABLE_NS_ASSERTIONS = NO;
				ENABLE_STRICT_OBJC_MSGSEND = YES;
				ENABLE_USER_SCRIPT_SANDBOXING = YES;
				GCC_C_LANGUAGE_STANDARD = gnu17;
				GCC_NO_COMMON_BLOCKS = YES;
				GCC_WARN_64_TO_32_BIT_CONVERSION = YES;
				GCC_WARN_ABOUT_RETURN_TYPE = YES_ERROR;
				GCC_WARN_UNDECLARED_SELECTOR = YES;
				GCC_WARN_UNINITIALIZED_AUTOS = YES_AGGRESSIVE;
				GCC_WARN_UNUSED_FUNCTION = YES;
				GCC_WARN_UNUSED_VARIABLE = YES;
				IPHONEOS_DEPLOYMENT_TARGET = 18.1;
				LOCALIZATION_PREFERS_STRING_CATALOGS = YES;
				MTL_ENABLE_DEBUG_INFO = NO;
				MTL_FAST_MATH = YES;
				SDKROOT = iphoneos;
				SWIFT_COMPILATION_MODE = wholemodule;
				VALIDATE_PRODUCT = YES;
			};
			name = Release;
		};
		2AB507942D12D1E900A01BE6 /* Debug */ = {
			isa = XCBuildConfiguration;
			buildSettings = {
				ASSETCATALOG_COMPILER_APPICON_NAME = AppIcon;
				ASSETCATALOG_COMPILER_GLOBAL_ACCENT_COLOR_NAME = AccentColor;
				CODE_SIGN_STYLE = Automatic;
				CURRENT_PROJECT_VERSION = 1;
				DEVELOPMENT_ASSET_PATHS = "\"TaskAi/Preview Content\"";
				DEVELOPMENT_TEAM = A49PZ8UTXA;
				ENABLE_PREVIEWS = YES;
				GENERATE_INFOPLIST_FILE = YES;
				INFOPLIST_KEY_UIApplicationSceneManifest_Generation = YES;
				INFOPLIST_KEY_UIApplicationSupportsIndirectInputEvents = YES;
				INFOPLIST_KEY_UILaunchScreen_Generation = YES;
				INFOPLIST_KEY_UISupportedInterfaceOrientations_iPad = "UIInterfaceOrientationPortrait UIInterfaceOrientationPortraitUpsideDown UIInterfaceOrientationLandscapeLeft UIInterfaceOrientationLandscapeRight";
				INFOPLIST_KEY_UISupportedInterfaceOrientations_iPhone = "UIInterfaceOrientationPortrait UIInterfaceOrientationLandscapeLeft UIInterfaceOrientationLandscapeRight";
				LD_RUNPATH_SEARCH_PATHS = (
					"$(inherited)",
					"@executable_path/Frameworks",
				);
				MARKETING_VERSION = 1.0;
				PRODUCT_BUNDLE_IDENTIFIER = com.lj.TaskAi;
				PRODUCT_NAME = "$(TARGET_NAME)";
				SWIFT_EMIT_LOC_STRINGS = YES;
				SWIFT_VERSION = 5.0;
				TARGETED_DEVICE_FAMILY = "1,2";
			};
			name = Debug;
		};
		2AB507952D12D1E900A01BE6 /* Release */ = {
			isa = XCBuildConfiguration;
			buildSettings = {
				ASSETCATALOG_COMPILER_APPICON_NAME = AppIcon;
				ASSETCATALOG_COMPILER_GLOBAL_ACCENT_COLOR_NAME = AccentColor;
				CODE_SIGN_STYLE = Automatic;
				CURRENT_PROJECT_VERSION = 1;
				DEVELOPMENT_ASSET_PATHS = "\"TaskAi/Preview Content\"";
				DEVELOPMENT_TEAM = A49PZ8UTXA;
				ENABLE_PREVIEWS = YES;
				GENERATE_INFOPLIST_FILE = YES;
				INFOPLIST_KEY_UIApplicationSceneManifest_Generation = YES;
				INFOPLIST_KEY_UIApplicationSupportsIndirectInputEvents = YES;
				INFOPLIST_KEY_UILaunchScreen_Generation = YES;
				INFOPLIST_KEY_UISupportedInterfaceOrientations_iPad = "UIInterfaceOrientationPortrait UIInterfaceOrientationPortraitUpsideDown UIInterfaceOrientationLandscapeLeft UIInterfaceOrientationLandscapeRight";
				INFOPLIST_KEY_UISupportedInterfaceOrientations_iPhone = "UIInterfaceOrientationPortrait UIInterfaceOrientationLandscapeLeft UIInterfaceOrientationLandscapeRight";
				LD_RUNPATH_SEARCH_PATHS = (
					"$(inherited)",
					"@executable_path/Frameworks",
				);
				MARKETING_VERSION = 1.0;
				PRODUCT_BUNDLE_IDENTIFIER = com.lj.TaskAi;
				PRODUCT_NAME = "$(TARGET_NAME)";
				SWIFT_EMIT_LOC_STRINGS = YES;
				SWIFT_VERSION = 5.0;
				TARGETED_DEVICE_FAMILY = "1,2";
			};
			name = Release;
		};
		2AB507972D12D1E900A01BE6 /* Debug */ = {
			isa = XCBuildConfiguration;
			buildSettings = {
				BUNDLE_LOADER = "$(TEST_HOST)";
				CODE_SIGN_STYLE = Automatic;
				CURRENT_PROJECT_VERSION = 1;
				DEVELOPMENT_TEAM = A49PZ8UTXA;
				GENERATE_INFOPLIST_FILE = YES;
				IPHONEOS_DEPLOYMENT_TARGET = 18.1;
				MARKETING_VERSION = 1.0;
				PRODUCT_BUNDLE_IDENTIFIER = com.lj.TaskAiTests;
				PRODUCT_NAME = "$(TARGET_NAME)";
				SWIFT_EMIT_LOC_STRINGS = NO;
				SWIFT_VERSION = 5.0;
				TARGETED_DEVICE_FAMILY = "1,2";
				TEST_HOST = "$(BUILT_PRODUCTS_DIR)/TaskAi.app/$(BUNDLE_EXECUTABLE_FOLDER_PATH)/TaskAi";
			};
			name = Debug;
		};
		2AB507982D12D1E900A01BE6 /* Release */ = {
			isa = XCBuildConfiguration;
			buildSettings = {
				BUNDLE_LOADER = "$(TEST_HOST)";
				CODE_SIGN_STYLE = Automatic;
				CURRENT_PROJECT_VERSION = 1;
				DEVELOPMENT_TEAM = A49PZ8UTXA;
				GENERATE_INFOPLIST_FILE = YES;
				IPHONEOS_DEPLOYMENT_TARGET = 18.1;
				MARKETING_VERSION = 1.0;
				PRODUCT_BUNDLE_IDENTIFIER = com.lj.TaskAiTests;
				PRODUCT_NAME = "$(TARGET_NAME)";
				SWIFT_EMIT_LOC_STRINGS = NO;
				SWIFT_VERSION = 5.0;
				TARGETED_DEVICE_FAMILY = "1,2";
				TEST_HOST = "$(BUILT_PRODUCTS_DIR)/TaskAi.app/$(BUNDLE_EXECUTABLE_FOLDER_PATH)/TaskAi";
			};
			name = Release;
		};
		2AB5079A2D12D1E900A01BE6 /* Debug */ = {
			isa = XCBuildConfiguration;
			buildSettings = {
				CODE_SIGN_STYLE = Automatic;
				CURRENT_PROJECT_VERSION = 1;
				DEVELOPMENT_TEAM = A49PZ8UTXA;
				GENERATE_INFOPLIST_FILE = YES;
				MARKETING_VERSION = 1.0;
				PRODUCT_BUNDLE_IDENTIFIER = com.lj.TaskAiUITests;
				PRODUCT_NAME = "$(TARGET_NAME)";
				SWIFT_EMIT_LOC_STRINGS = NO;
				SWIFT_VERSION = 5.0;
				TARGETED_DEVICE_FAMILY = "1,2";
				TEST_TARGET_NAME = TaskAi;
			};
			name = Debug;
		};
		2AB5079B2D12D1E900A01BE6 /* Release */ = {
			isa = XCBuildConfiguration;
			buildSettings = {
				CODE_SIGN_STYLE = Automatic;
				CURRENT_PROJECT_VERSION = 1;
				DEVELOPMENT_TEAM = A49PZ8UTXA;
				GENERATE_INFOPLIST_FILE = YES;
				MARKETING_VERSION = 1.0;
				PRODUCT_BUNDLE_IDENTIFIER = com.lj.TaskAiUITests;
				PRODUCT_NAME = "$(TARGET_NAME)";
				SWIFT_EMIT_LOC_STRINGS = NO;
				SWIFT_VERSION = 5.0;
				TARGETED_DEVICE_FAMILY = "1,2";
				TEST_TARGET_NAME = TaskAi;
			};
			name = Release;
		};
/* End XCBuildConfiguration section */

/* Begin XCConfigurationList section */
		2AB5076A2D12D1E800A01BE6 /* Build configuration list for PBXProject "TaskAi" */ = {
			isa = XCConfigurationList;
			buildConfigurations = (
				2AB507912D12D1E900A01BE6 /* Debug */,
				2AB507922D12D1E900A01BE6 /* Release */,
			);
			defaultConfigurationIsVisible = 0;
			defaultConfigurationName = Release;
		};
		2AB507932D12D1E900A01BE6 /* Build configuration list for PBXNativeTarget "TaskAi" */ = {
			isa = XCConfigurationList;
			buildConfigurations = (
				2AB507942D12D1E900A01BE6 /* Debug */,
				2AB507952D12D1E900A01BE6 /* Release */,
			);
			defaultConfigurationIsVisible = 0;
			defaultConfigurationName = Release;
		};
		2AB507962D12D1E900A01BE6 /* Build configuration list for PBXNativeTarget "TaskAiTests" */ = {
			isa = XCConfigurationList;
			buildConfigurations = (
				2AB507972D12D1E900A01BE6 /* Debug */,
				2AB507982D12D1E900A01BE6 /* Release */,
			);
			defaultConfigurationIsVisible = 0;
			defaultConfigurationName = Release;
		};
		2AB507992D12D1E900A01BE6 /* Build configuration list for PBXNativeTarget "TaskAiUITests" */ = {
			isa = XCConfigurationList;
			buildConfigurations = (
				2AB5079A2D12D1E900A01BE6 /* Debug */,
				2AB5079B2D12D1E900A01BE6 /* Release */,
			);
			defaultConfigurationIsVisible = 0;
			defaultConfigurationName = Release;
		};
/* End XCConfigurationList section */
	};
	rootObject = 2AB507672D12D1E800A01BE6 /* Project object */;
}
